
Microsoft Visual Studio Solution File, Format Version 12.00
# Visual Studio 15
VisualStudioVersion = 15.0.27428.2037
MinimumVisualStudioVersion = 10.0.40219.1
Project("{9A19103F-16F7-4668-BE54-9A1E7A4F7556}") = "JsonStream", "src\JsonStream\JsonStream.csproj", "{F93AE525-30A1-4CFE-94AE-6796345AF2D6}"
EndProject
Project("{FAE04EC0-301F-11D3-BF4B-00C04F79EFBC}") = "JsonStreamUnitTest", "tests\JsonStreamUnitTest\JsonStreamUnitTest.csproj", "{081E72DA-6DBA-4D4A-BF25-85D457194D74}"
EndProject
Global
	GlobalSection(SolutionConfigurationPlatforms) = preSolution
		Debug|Any CPU = Debug|Any CPU
		Release|Any CPU = Release|Any CPU
	EndGlobalSection
	GlobalSection(ProjectConfigurationPlatforms) = postSolution
		{F93AE525-30A1-4CFE-94AE-6796345AF2D6}.Debug|Any CPU.ActiveCfg = Debug|Any CPU
		{F93AE525-30A1-4CFE-94AE-6796345AF2D6}.Debug|Any CPU.Build.0 = Debug|Any CPU
		{F93AE525-30A1-4CFE-94AE-6796345AF2D6}.Release|Any CPU.ActiveCfg = Release|Any CPU
		{F93AE525-30A1-4CFE-94AE-6796345AF2D6}.Release|Any CPU.Build.0 = Release|Any CPU
		{081E72DA-6DBA-4D4A-BF25-85D457194D74}.Debug|Any CPU.ActiveCfg = Debug|Any CPU
		{081E72DA-6DBA-4D4A-BF25-85D457194D74}.Debug|Any CPU.Build.0 = Debug|Any CPU
		{081E72DA-6DBA-4D4A-BF25-85D457194D74}.Release|Any CPU.ActiveCfg = Release|Any CPU
		{081E72DA-6DBA-4D4A-BF25-85D457194D74}.Release|Any CPU.Build.0 = Release|Any CPU
	EndGlobalSection
	GlobalSection(SolutionProperties) = preSolution
		HideSolutionNode = FALSE
	EndGlobalSection
	GlobalSection(ExtensibilityGlobals) = postSolution
		SolutionGuid = {83BC7B99-45AB-4021-B28D-832FDD3D8BDD}
	EndGlobalSection
EndGlobal
